
Microsoft Visual Studio Solution File, Format Version 12.00
# Visual Studio 14
VisualStudioVersion = 14.0.24720.0
MinimumVisualStudioVersion = 10.0.40219.1
Project("{FAE04EC0-301F-11D3-BF4B-00C04F79EFBC}") = "careServiceApp", "careServiceApp\careServiceApp.csproj", "{B27698A9-1D2D-40F8-B35E-A8EC06A96277}"
EndProject
Project("{FAE04EC0-301F-11D3-BF4B-00C04F79EFBC}") = "CareWebClient", "CareWebClient\CareWebClient.csproj", "{19EB91DE-A6A2-46CC-B708-A2A5170829E3}"
	ProjectSection(ProjectDependencies) = postProject
		{B27698A9-1D2D-40F8-B35E-A8EC06A96277} = {B27698A9-1D2D-40F8-B35E-A8EC06A96277}
	EndProjectSection
EndProject
Global
	GlobalSection(SolutionConfigurationPlatforms) = preSolution
		Debug|Any CPU = Debug|Any CPU
		Release|Any CPU = Release|Any CPU
	EndGlobalSection
	GlobalSection(ProjectConfigurationPlatforms) = postSolution
		{B27698A9-1D2D-40F8-B35E-A8EC06A96277}.Debug|Any CPU.ActiveCfg = Debug|Any CPU
		{B27698A9-1D2D-40F8-B35E-A8EC06A96277}.Debug|Any CPU.Build.0 = Debug|Any CPU
		{B27698A9-1D2D-40F8-B35E-A8EC06A96277}.Release|Any CPU.ActiveCfg = Release|Any CPU
		{B27698A9-1D2D-40F8-B35E-A8EC06A96277}.Release|Any CPU.Build.0 = Release|Any CPU
		{19EB91DE-A6A2-46CC-B708-A2A5170829E3}.Debug|Any CPU.ActiveCfg = Debug|Any CPU
		{19EB91DE-A6A2-46CC-B708-A2A5170829E3}.Debug|Any CPU.Build.0 = Debug|Any CPU
		{19EB91DE-A6A2-46CC-B708-A2A5170829E3}.Release|Any CPU.ActiveCfg = Release|Any CPU
		{19EB91DE-A6A2-46CC-B708-A2A5170829E3}.Release|Any CPU.Build.0 = Release|Any CPU
	EndGlobalSection
	GlobalSection(SolutionProperties) = preSolution
		HideSolutionNode = FALSE
	EndGlobalSection
EndGlobal
